
Microsoft Visual Studio Solution File, Format Version 12.00
# Visual Studio Version 17
VisualStudioVersion = 17.5.33530.505
MinimumVisualStudioVersion = 10.0.40219.1
Project("{FAE04EC0-301F-11D3-BF4B-00C04F79EFBC}") = "DollarConverterClient", "DollarConverterClient\DollarConverterClient.csproj", "{AE365E9B-FA9C-472E-97BC-2E1D27072E37}"
EndProject
Project("{FAE04EC0-301F-11D3-BF4B-00C04F79EFBC}") = "DollarConverterServer", "DollarConverterServer\DollarConverterServer.csproj", "{729948C7-AC9B-4712-B1BA-D8DF6314DA58}"
EndProject
Global
	GlobalSection(SolutionConfigurationPlatforms) = preSolution
		Debug|Any CPU = Debug|Any CPU
		Release|Any CPU = Release|Any CPU
	EndGlobalSection
	GlobalSection(ProjectConfigurationPlatforms) = postSolution
		{AE365E9B-FA9C-472E-97BC-2E1D27072E37}.Debug|Any CPU.ActiveCfg = Debug|Any CPU
		{AE365E9B-FA9C-472E-97BC-2E1D27072E37}.Debug|Any CPU.Build.0 = Debug|Any CPU
		{AE365E9B-FA9C-472E-97BC-2E1D27072E37}.Release|Any CPU.ActiveCfg = Release|Any CPU
		{AE365E9B-FA9C-472E-97BC-2E1D27072E37}.Release|Any CPU.Build.0 = Release|Any CPU
		{729948C7-AC9B-4712-B1BA-D8DF6314DA58}.Debug|Any CPU.ActiveCfg = Debug|Any CPU
		{729948C7-AC9B-4712-B1BA-D8DF6314DA58}.Debug|Any CPU.Build.0 = Debug|Any CPU
		{729948C7-AC9B-4712-B1BA-D8DF6314DA58}.Release|Any CPU.ActiveCfg = Release|Any CPU
		{729948C7-AC9B-4712-B1BA-D8DF6314DA58}.Release|Any CPU.Build.0 = Release|Any CPU
	EndGlobalSection
	GlobalSection(SolutionProperties) = preSolution
		HideSolutionNode = FALSE
	EndGlobalSection
	GlobalSection(ExtensibilityGlobals) = postSolution
		SolutionGuid = {3381AE68-6C7A-400A-AFB8-2F25A8504B42}
	EndGlobalSection
EndGlobal
