
Microsoft Visual Studio Solution File, Format Version 12.00
# Visual Studio Version 17
VisualStudioVersion = 17.5.33530.505
MinimumVisualStudioVersion = 10.0.40219.1
Project("{9A19103F-16F7-4668-BE54-9A1E7A4F7556}") = "DollarConverterClient", "DollarConverterClient\DollarConverterClient.csproj", "{AE365E9B-FA9C-472E-97BC-2E1D27072E37}"
EndProject
Project("{9A19103F-16F7-4668-BE54-9A1E7A4F7556}") = "DollarConverterServer", "DollarConverterServer\DollarConverterServer.csproj", "{729948C7-AC9B-4712-B1BA-D8DF6314DA58}"
EndProject
Project("{9A19103F-16F7-4668-BE54-9A1E7A4F7556}") = "GprcConverterClient", "GprcConverterClient\GprcConverterClient.csproj", "{D10AFCA1-9AE6-4DE8-973C-08C0B8B89C30}"
EndProject
Project("{2150E333-8FDC-42A3-9474-1A3956D46DE8}") = "Protos", "Protos", "{FCB3094E-D2ED-427C-B532-12BB86E6635A}"
	ProjectSection(SolutionItems) = preProject
		Protos\convert.proto = Protos\convert.proto
	EndProjectSection
EndProject
Global
	GlobalSection(SolutionConfigurationPlatforms) = preSolution
		Debug|Any CPU = Debug|Any CPU
		Release|Any CPU = Release|Any CPU
	EndGlobalSection
	GlobalSection(ProjectConfigurationPlatforms) = postSolution
		{AE365E9B-FA9C-472E-97BC-2E1D27072E37}.Debug|Any CPU.ActiveCfg = Debug|Any CPU
		{AE365E9B-FA9C-472E-97BC-2E1D27072E37}.Debug|Any CPU.Build.0 = Debug|Any CPU
		{AE365E9B-FA9C-472E-97BC-2E1D27072E37}.Release|Any CPU.ActiveCfg = Release|Any CPU
		{AE365E9B-FA9C-472E-97BC-2E1D27072E37}.Release|Any CPU.Build.0 = Release|Any CPU
		{729948C7-AC9B-4712-B1BA-D8DF6314DA58}.Debug|Any CPU.ActiveCfg = Debug|Any CPU
		{729948C7-AC9B-4712-B1BA-D8DF6314DA58}.Debug|Any CPU.Build.0 = Debug|Any CPU
		{729948C7-AC9B-4712-B1BA-D8DF6314DA58}.Release|Any CPU.ActiveCfg = Release|Any CPU
		{729948C7-AC9B-4712-B1BA-D8DF6314DA58}.Release|Any CPU.Build.0 = Release|Any CPU
		{D10AFCA1-9AE6-4DE8-973C-08C0B8B89C30}.Debug|Any CPU.ActiveCfg = Debug|Any CPU
		{D10AFCA1-9AE6-4DE8-973C-08C0B8B89C30}.Debug|Any CPU.Build.0 = Debug|Any CPU
		{D10AFCA1-9AE6-4DE8-973C-08C0B8B89C30}.Release|Any CPU.ActiveCfg = Release|Any CPU
		{D10AFCA1-9AE6-4DE8-973C-08C0B8B89C30}.Release|Any CPU.Build.0 = Release|Any CPU
	EndGlobalSection
	GlobalSection(SolutionProperties) = preSolution
		HideSolutionNode = FALSE
	EndGlobalSection
	GlobalSection(ExtensibilityGlobals) = postSolution
		SolutionGuid = {3381AE68-6C7A-400A-AFB8-2F25A8504B42}
	EndGlobalSection
EndGlobal
